PODS:
  - "app_settings (3.0.0+1)":
    - Flutter
  - connectivity (0.0.1):
    - Flutter
    - Reachability
  - connectivity_macos (0.0.1):
    - Flutter
  - contacts_service (0.2.2):
    - Flutter
  - device_info (0.0.1):
    - Flutter
  - Flutter (1.0.0)
  - flutter_full_pdf_viewer (1.0.1):
    - Flutter
  - libphonenumber (0.0.1):
    - Flutter
    - libPhoneNumber-iOS
  - libPhoneNumber-iOS (0.9.15)
  - open_file (0.0.1):
    - Flutter
  - path_provider (0.0.1):
    - Flutter
  - path_provider_linux (0.0.1):
    - Flutter
  - path_provider_macos (0.0.1):
    - Flutter
  - permission_handler (5.0.1):
    - Flutter
  - Reachability (3.2)
  - shared_preferences (0.0.1):
    - Flutter
  - shared_preferences_macos (0.0.1):
    - Flutter
  - shared_preferences_web (0.0.1):
    - Flutter

DEPENDENCIES:
  - app_settings (from `.symlinks/plugins/app_settings/ios`)
  - connectivity (from `.symlinks/plugins/connectivity/ios`)
  - connectivity_macos (from `.symlinks/plugins/connectivity_macos/ios`)
  - contacts_service (from `.symlinks/plugins/contacts_service/ios`)
  - device_info (from `.symlinks/plugins/device_info/ios`)
  - Flutter (from `Flutter`)
  - flutter_full_pdf_viewer (from `.symlinks/plugins/flutter_full_pdf_viewer/ios`)
  - libphonenumber (from `.symlinks/plugins/libphonenumber/ios`)
  - open_file (from `.symlinks/plugins/open_file/ios`)
  - path_provider (from `.symlinks/plugins/path_provider/ios`)
  - path_provider_linux (from `.symlinks/plugins/path_provider_linux/ios`)
  - path_provider_macos (from `.symlinks/plugins/path_provider_macos/ios`)
  - permission_handler (from `.symlinks/plugins/permission_handler/ios`)
  - shared_preferences (from `.symlinks/plugins/shared_preferences/ios`)
  - shared_preferences_macos (from `.symlinks/plugins/shared_preferences_macos/ios`)
  - shared_preferences_web (from `.symlinks/plugins/shared_preferences_web/ios`)

SPEC REPOS:
  trunk:
    - libPhoneNumber-iOS
    - Reachability

EXTERNAL SOURCES:
  app_settings:
    :path: ".symlinks/plugins/app_settings/ios"
  connectivity:
    :path: ".symlinks/plugins/connectivity/ios"
  connectivity_macos:
    :path: ".symlinks/plugins/connectivity_macos/ios"
  contacts_service:
    :path: ".symlinks/plugins/contacts_service/ios"
  device_info:
    :path: ".symlinks/plugins/device_info/ios"
  Flutter:
    :path: Flutter
  flutter_full_pdf_viewer:
    :path: ".symlinks/plugins/flutter_full_pdf_viewer/ios"
  libphonenumber:
    :path: ".symlinks/plugins/libphonenumber/ios"
  open_file:
    :path: ".symlinks/plugins/open_file/ios"
  path_provider:
    :path: ".symlinks/plugins/path_provider/ios"
  path_provider_linux:
    :path: ".symlinks/plugins/path_provider_linux/ios"
  path_provider_macos:
    :path: ".symlinks/plugins/path_provider_macos/ios"
  permission_handler:
    :path: ".symlinks/plugins/permission_handler/ios"
  shared_preferences:
    :path: ".symlinks/plugins/shared_preferences/ios"
  shared_preferences_macos:
    :path: ".symlinks/plugins/shared_preferences_macos/ios"
  shared_preferences_web:
    :path: ".symlinks/plugins/shared_preferences_web/ios"

SPEC CHECKSUMS:
  app_settings: d103828c9f5d515c4df9ee754dabd443f7cedcf3
  connectivity: c4130b2985d4ef6fd26f9702e886bd5260681467
  connectivity_macos: e2e9731b6b22dda39eb1b128f6969d574460e191
  contacts_service: 849e1f84281804c8bfbec1b4c3eedcb23c5d3eca
  device_info: d7d233b645a32c40dfdc212de5cf646ca482f175
  Flutter: 0e3d915762c693b495b44d77113d4970485de6ec
  flutter_full_pdf_viewer: 1b65139fc3236cde300ba6bea2a72669cb07f2e6
  libphonenumber: bd14d5abfc5939ab0b0767234e2d8e2593af258e
  libPhoneNumber-iOS: 0a32a9525cf8744fe02c5206eb30d571e38f7d75
  open_file: 02eb5cb6b21264bd3a696876f5afbfb7ca4f4b7d
  path_provider: abfe2b5c733d04e238b0d8691db0cfd63a27a93c
  path_provider_linux: 4d630dc393e1f20364f3e3b4a2ff41d9674a84e4
  path_provider_macos: f760a3c5b04357c380e2fddb6f9db6f3015897e0
  permission_handler: 7022f8972d2d85ce95c1040db945f28bdbfa45d1
  Reachability: 33e18b67625424e47b6cde6d202dce689ad7af96
  shared_preferences: af6bfa751691cdc24be3045c43ec037377ada40d
  shared_preferences_macos: f3f29b71ccbb56bf40c9dd6396c9acf15e214087
  shared_preferences_web: 141cce0c3ed1a1c5bf2a0e44f52d31eeb66e5ea9

PODFILE CHECKSUM: c34e2287a9ccaa606aeceab922830efb9a6ff69a

COCOAPODS: 1.9.3
